{
    "_readme": [
        "This file locks the dependencies of your project to a known state",
        "Read more about it at https://getcomposer.org/doc/01-basic-usage.md#composer-lock-the-lock-file",
        "This file is @generated automatically"
    ],
    "content-hash": "da6abf9a272291042379f55c31a71539",
    "packages": [
        {
            "name": "chryssalid/rest-communication",
            "version": "1.0.2",
            "source": {
                "type": "git",
                "url": "https://github.com/chryssalid/rest-communication.git",
                "reference": "c66805d4422470f09c2da2854e7461feada50e03"
            },
            "dist": {
                "type": "zip",
                "url": "https://api.github.com/repos/chryssalid/rest-communication/zipball/c66805d4422470f09c2da2854e7461feada50e03",
                "reference": "c66805d4422470f09c2da2854e7461feada50e03",
                "shasum": ""
            },
            "require": {
                "php": ">=5.4.0"
            },
            "type": "library",
            "autoload": {
                "psr-4": {
                    "chryssalid\\REST\\": "src/",
                    "chryssalid\\REST\\test\\": "test/"
                }
            },
            "notification-url": "https://packagist.org/downloads/",
            "license": [
                "gpl-3.0"
            ],
            "authors": [
                {
                    "name": "Łukasz Feller",
                    "email": "lukaszfeller@gmail.com"
                }
            ],
            "description": "REST client & server.",
            "keywords": [
                "rest"
            ],
            "time": "2018-04-03T00:40:31+00:00"
        }
    ],
    "packages-dev": [],
    "aliases": [],
    "minimum-stability": "dev",
    "stability-flags": [],
    "prefer-stable": false,
    "prefer-lowest": false,
    "platform": {
        "php": ">=5.4.0"
    },
    "platform-dev": []
}
