{
    "_readme": [
        "This file locks the dependencies of your project to a known state",
        "Read more about it at https://getcomposer.org/doc/01-basic-usage.md#composer-lock-the-lock-file",
        "This file is @generated automatically"
    ],
    "content-hash": "ad2433f5c7b781ab5a4a577d9da3c159",
    "packages": [
        {
            "name": "chryssalid/rest-communication",
            "version": "1.0.1",
            "source": {
                "type": "git",
                "url": "https://github.com/chryssalid/rest-communication.git",
                "reference": "dd5da516d5771eda79e000642479db7e7247a53c"
            },
            "dist": {
                "type": "zip",
                "url": "https://api.github.com/repos/chryssalid/rest-communication/zipball/dd5da516d5771eda79e000642479db7e7247a53c",
                "reference": "dd5da516d5771eda79e000642479db7e7247a53c",
                "shasum": ""
            },
            "require": {
                "php": ">=5.4.0"
            },
            "type": "library",
            "autoload": {
                "psr-4": {
                    "chryssalid\\REST\\": "src/",
                    "chryssalid\\REST\\test\\": "test/"
                }
            },
            "notification-url": "https://packagist.org/downloads/",
            "license": [
                "gpl-3.0"
            ],
            "authors": [
                {
                    "name": "Łukasz Feller",
                    "email": "lukaszfeller@gmail.com"
                }
            ],
            "description": "REST client & server.",
            "time": "2018-03-29T01:10:42+00:00"
        }
    ],
    "packages-dev": [],
    "aliases": [],
    "minimum-stability": "stable",
    "stability-flags": [],
    "prefer-stable": false,
    "prefer-lowest": false,
    "platform": [],
    "platform-dev": []
}
